// !$*UTF8*$!
{
	archiveVersion = 1;
	classes = {
	};
	objectVersion = 46;
	objects = {

/* Begin PBXBuildFile section */
		074BE6D01CAC5B01004AEEDE /* SocialNetwork.swift in Sources */ = {isa = PBXBuildFile; fileRef = 074BE6CF1CAC5B01004AEEDE /* SocialNetwork.swift */; };
		074BE6D11CAC5B01004AEEDE /* SocialNetwork.swift in Sources */ = {isa = PBXBuildFile; fileRef = 074BE6CF1CAC5B01004AEEDE /* SocialNetwork.swift */; };
		AE7C210C87DCBF56F92D5BE0 /* Post.swift in Sources */ = {isa = PBXBuildFile; fileRef = AE7C23F9C20906A726A8E0A6 /* Post.swift */; };
		AE7C21273B61F887F7CE64A5 /* Post.swift in Sources */ = {isa = PBXBuildFile; fileRef = AE7C23F9C20906A726A8E0A6 /* Post.swift */; };
		AE7C21D2452E053BAABE1980 /* PostActionShould.swift in Sources */ = {isa = PBXBuildFile; fileRef = AE7C2BF458F21A783919E321 /* PostActionShould.swift */; };
		AE7C224D173DCC8E5068D3BD /* TestableClock.swift in Sources */ = {isa = PBXBuildFile; fileRef = AE7C2E2141450174F9CDD543 /* TestableClock.swift */; };
		AE7C2332DF57C0FFC42A2EF8 /* View.swift in Sources */ = {isa = PBXBuildFile; fileRef = AE7C2FDF47AE01334B1692AE /* View.swift */; };
		AE7C23541682E509E328129F /* ActionSpy.swift in Sources */ = {isa = PBXBuildFile; fileRef = AE7C22B087149547BBC09D98 /* ActionSpy.swift */; };
		AE7C2537BAD6C75AFEF83E4F /* PostRepositorySpy.swift in Sources */ = {isa = PBXBuildFile; fileRef = AE7C2B3D4BBF77B895647B0E /* PostRepositorySpy.swift */; };
		AE7C262B324C4717E1713967 /* SocialNetworkShould.swift in Sources */ = {isa = PBXBuildFile; fileRef = AE7C2F5936528181B6BD58E4 /* SocialNetworkShould.swift */; };
		AE7C26F45EFA25A8B81DB8A8 /* Clock.swift in Sources */ = {isa = PBXBuildFile; fileRef = AE7C242F8DBE28919CD9D5D5 /* Clock.swift */; };
		AE7C26F76594FB4E32ABC1E4 /* Input.swift in Sources */ = {isa = PBXBuildFile; fileRef = AE7C2D4E9B1AD43C0D955A1E /* Input.swift */; };
		AE7C270C15C58CEDCF68FF4F /* Action.swift in Sources */ = {isa = PBXBuildFile; fileRef = AE7C2BB8D00911D51622967D /* Action.swift */; };
		AE7C271FC239370740611EF3 /* Clock.swift in Sources */ = {isa = PBXBuildFile; fileRef = AE7C242F8DBE28919CD9D5D5 /* Clock.swift */; };
		AE7C28E91F3EBF92B866A9C4 /* User.swift in Sources */ = {isa = PBXBuildFile; fileRef = AE7C252F85B574991C7DEB97 /* User.swift */; };
		AE7C2A1287AB3F11801374DA /* InputShould.swift in Sources */ = {isa = PBXBuildFile; fileRef = AE7C298DAC03DF16CF9DB180 /* InputShould.swift */; };
		AE7C2A46CE012D6C9FF61F9D /* ReadingFeature.swift in Sources */ = {isa = PBXBuildFile; fileRef = AE7C2E4D6FE747082FFBF708 /* ReadingFeature.swift */; };
		AE7C2AB1FC5B69D9080609A0 /* PostingFeature.swift in Sources */ = {isa = PBXBuildFile; fileRef = AE7C2B44DF002B5BD21F75C7 /* PostingFeature.swift */; };
		AE7C2BCCE36CB8CA9F3AA3E9 /* User.swift in Sources */ = {isa = PBXBuildFile; fileRef = AE7C252F85B574991C7DEB97 /* User.swift */; };
		AE7C2BD561516AF6A784B919 /* Action.swift in Sources */ = {isa = PBXBuildFile; fileRef = AE7C2BB8D00911D51622967D /* Action.swift */; };
		AE7C2BDFF43C57FB8580F4CB /* ReadAction.swift in Sources */ = {isa = PBXBuildFile; fileRef = AE7C28BA99C552BF55026A09 /* ReadAction.swift */; };
		AE7C2C263C1FEACEDD2566DD /* View.swift in Sources */ = {isa = PBXBuildFile; fileRef = AE7C2FDF47AE01334B1692AE /* View.swift */; };
		AE7C2C768FFE79A0799E027C /* Input.swift in Sources */ = {isa = PBXBuildFile; fileRef = AE7C2D4E9B1AD43C0D955A1E /* Input.swift */; };
		AE7C2C965BF590E05AA88EA9 /* PostRepositoryShould.swift in Sources */ = {isa = PBXBuildFile; fileRef = AE7C2274E9676B956C9D62F0 /* PostRepositoryShould.swift */; };
		AE7C2D84E0721DA2455D10BF /* PostRepository.swift in Sources */ = {isa = PBXBuildFile; fileRef = AE7C2E207B613CF506BE3A20 /* PostRepository.swift */; };
		AE7C2E244F9E65045492716D /* PostAction.swift in Sources */ = {isa = PBXBuildFile; fileRef = AE7C2B4D313FE1FD97A9CCBF /* PostAction.swift */; };
		AE7C2EC49600D1FD667C8AD5 /* PostAction.swift in Sources */ = {isa = PBXBuildFile; fileRef = AE7C2B4D313FE1FD97A9CCBF /* PostAction.swift */; };
		AE7C2EEECBF74731D478A1A5 /* ReadAction.swift in Sources */ = {isa = PBXBuildFile; fileRef = AE7C28BA99C552BF55026A09 /* ReadAction.swift */; };
		AE7C2EFDB73F9A8BC4E6281E /* main.swift in Sources */ = {isa = PBXBuildFile; fileRef = AE7C2F73982DEB80AA68A3F0 /* main.swift */; };
		AE7C2F08C0D4F4872CD78405 /* PostRepository.swift in Sources */ = {isa = PBXBuildFile; fileRef = AE7C2E207B613CF506BE3A20 /* PostRepository.swift */; };
		AE7C2FAC169741AAE269F960 /* ViewSpy.swift in Sources */ = {isa = PBXBuildFile; fileRef = AE7C2FE5D578A6EA5CED7A22 /* ViewSpy.swift */; };
/* End PBXBuildFile section */

/* Begin PBXCopyFilesBuildPhase section */
		AE7C2171A8D3284BC616B613 /* CopyFiles */ = {
			isa = PBXCopyFilesBuildPhase;
			buildActionMask = 2147483647;
			dstPath = /usr/share/man/man1/;
			dstSubfolderSpec = 0;
			files = (
			);
			runOnlyForDeploymentPostprocessing = 1;
		};
/* End PBXCopyFilesBuildPhase section */

/* Begin PBXFileReference section */
		074BE6C71CAC5A58004AEEDE /* SocialNetworkKataTest.xctest */ = {isa = PBXFileReference; explicitFileType = wrapper.cfbundle; includeInIndex = 0; path = SocialNetworkKataTest.xctest; sourceTree = BUILT_PRODUCTS_DIR; };
		074BE6CB1CAC5A58004AEEDE /* Info.plist */ = {isa = PBXFileReference; lastKnownFileType = text.plist.xml; path = Info.plist; sourceTree = "<group>"; };
		074BE6CF1CAC5B01004AEEDE /* SocialNetwork.swift */ = {isa = PBXFileReference; fileEncoding = 4; lastKnownFileType = sourcecode.swift; path = SocialNetwork.swift; sourceTree = "<group>"; };
		AE7C2274E9676B956C9D62F0 /* PostRepositoryShould.swift */ = {isa = PBXFileReference; fileEncoding = 4; lastKnownFileType = sourcecode.swift; path = PostRepositoryShould.swift; sourceTree = "<group>"; };
		AE7C22B087149547BBC09D98 /* ActionSpy.swift */ = {isa = PBXFileReference; fileEncoding = 4; lastKnownFileType = sourcecode.swift; path = ActionSpy.swift; sourceTree = "<group>"; };
		AE7C23F9C20906A726A8E0A6 /* Post.swift */ = {isa = PBXFileReference; fileEncoding = 4; lastKnownFileType = sourcecode.swift; path = Post.swift; sourceTree = "<group>"; };
		AE7C242F8DBE28919CD9D5D5 /* Clock.swift */ = {isa = PBXFileReference; fileEncoding = 4; lastKnownFileType = sourcecode.swift; path = Clock.swift; sourceTree = "<group>"; };
		AE7C252F85B574991C7DEB97 /* User.swift */ = {isa = PBXFileReference; fileEncoding = 4; lastKnownFileType = sourcecode.swift; path = User.swift; sourceTree = "<group>"; };
		AE7C28BA99C552BF55026A09 /* ReadAction.swift */ = {isa = PBXFileReference; fileEncoding = 4; lastKnownFileType = sourcecode.swift; path = ReadAction.swift; sourceTree = "<group>"; };
		AE7C298DAC03DF16CF9DB180 /* InputShould.swift */ = {isa = PBXFileReference; fileEncoding = 4; lastKnownFileType = sourcecode.swift; path = InputShould.swift; sourceTree = "<group>"; };
		AE7C2B3D4BBF77B895647B0E /* PostRepositorySpy.swift */ = {isa = PBXFileReference; fileEncoding = 4; lastKnownFileType = sourcecode.swift; path = PostRepositorySpy.swift; sourceTree = "<group>"; };
		AE7C2B44DF002B5BD21F75C7 /* PostingFeature.swift */ = {isa = PBXFileReference; fileEncoding = 4; lastKnownFileType = sourcecode.swift; path = PostingFeature.swift; sourceTree = "<group>"; };
		AE7C2B4D313FE1FD97A9CCBF /* PostAction.swift */ = {isa = PBXFileReference; fileEncoding = 4; lastKnownFileType = sourcecode.swift; path = PostAction.swift; sourceTree = "<group>"; };
		AE7C2BB8D00911D51622967D /* Action.swift */ = {isa = PBXFileReference; fileEncoding = 4; lastKnownFileType = sourcecode.swift; path = Action.swift; sourceTree = "<group>"; };
		AE7C2BDA09631149DC8A9620 /* SocialNetworkKata */ = {isa = PBXFileReference; explicitFileType = "compiled.mach-o.executable"; includeInIndex = 0; path = SocialNetworkKata; sourceTree = BUILT_PRODUCTS_DIR; };
		AE7C2BF458F21A783919E321 /* PostActionShould.swift */ = {isa = PBXFileReference; fileEncoding = 4; lastKnownFileType = sourcecode.swift; path = PostActionShould.swift; sourceTree = "<group>"; };
		AE7C2D4E9B1AD43C0D955A1E /* Input.swift */ = {isa = PBXFileReference; fileEncoding = 4; lastKnownFileType = sourcecode.swift; path = Input.swift; sourceTree = "<group>"; };
		AE7C2E207B613CF506BE3A20 /* PostRepository.swift */ = {isa = PBXFileReference; fileEncoding = 4; lastKnownFileType = sourcecode.swift; path = PostRepository.swift; sourceTree = "<group>"; };
		AE7C2E2141450174F9CDD543 /* TestableClock.swift */ = {isa = PBXFileReference; fileEncoding = 4; lastKnownFileType = sourcecode.swift; path = TestableClock.swift; sourceTree = "<group>"; };
		AE7C2E4D6FE747082FFBF708 /* ReadingFeature.swift */ = {isa = PBXFileReference; fileEncoding = 4; lastKnownFileType = sourcecode.swift; path = ReadingFeature.swift; sourceTree = "<group>"; };
		AE7C2F5936528181B6BD58E4 /* SocialNetworkShould.swift */ = {isa = PBXFileReference; fileEncoding = 4; lastKnownFileType = sourcecode.swift; path = SocialNetworkShould.swift; sourceTree = "<group>"; };
		AE7C2F73982DEB80AA68A3F0 /* main.swift */ = {isa = PBXFileReference; lastKnownFileType = sourcecode.swift; path = main.swift; sourceTree = "<group>"; };
		AE7C2FDF47AE01334B1692AE /* View.swift */ = {isa = PBXFileReference; fileEncoding = 4; lastKnownFileType = sourcecode.swift; path = View.swift; sourceTree = "<group>"; };
		AE7C2FE5D578A6EA5CED7A22 /* ViewSpy.swift */ = {isa = PBXFileReference; fileEncoding = 4; lastKnownFileType = sourcecode.swift; path = ViewSpy.swift; sourceTree = "<group>"; };
/* End PBXFileReference section */

/* Begin PBXFrameworksBuildPhase section */
		074BE6C41CAC5A58004AEEDE /* Frameworks */ = {
			isa = PBXFrameworksBuildPhase;
			buildActionMask = 2147483647;
			files = (
			);
			runOnlyForDeploymentPostprocessing = 0;
		};
		AE7C2D5C6CAFE3A95A63F81A /* Frameworks */ = {
			isa = PBXFrameworksBuildPhase;
			buildActionMask = 2147483647;
			files = (
			);
			runOnlyForDeploymentPostprocessing = 0;
		};
/* End PBXFrameworksBuildPhase section */

/* Begin PBXGroup section */
		074BE6C81CAC5A58004AEEDE /* SocialNetworkKataTest */ = {
			isa = PBXGroup;
			children = (
				074BE6CB1CAC5A58004AEEDE /* Info.plist */,
				AE7C2F5936528181B6BD58E4 /* SocialNetworkShould.swift */,
				AE7C205DF74308F2A99CDDC0 /* doubles */,
				AE7C2BC1AAA168286406923A /* actions */,
				AE7C2F799188171C428CD478 /* model */,
				AE7C2DC23EA6C69F01F9D235 /* features */,
			);
			path = SocialNetworkKataTest;
			sourceTree = "<group>";
		};
		AE7C205DF74308F2A99CDDC0 /* doubles */ = {
			isa = PBXGroup;
			children = (
				AE7C22B087149547BBC09D98 /* ActionSpy.swift */,
				AE7C2B3D4BBF77B895647B0E /* PostRepositorySpy.swift */,
				AE7C2E2141450174F9CDD543 /* TestableClock.swift */,
				AE7C2FE5D578A6EA5CED7A22 /* ViewSpy.swift */,
			);
			path = doubles;
			sourceTree = "<group>";
		};
		AE7C20B582D69C7CE966EF90 /* SocialNetworkKata */ = {
			isa = PBXGroup;
			children = (
				AE7C2F73982DEB80AA68A3F0 /* main.swift */,
				074BE6CF1CAC5B01004AEEDE /* SocialNetwork.swift */,
				AE7C2BB8D00911D51622967D /* Action.swift */,
				AE7C2109387BDA7E5C45DCD7 /* actions */,
				AE7C2798BC5641532FFE1FF7 /* model */,
				AE7C242F8DBE28919CD9D5D5 /* Clock.swift */,
				AE7C2FDF47AE01334B1692AE /* View.swift */,
			);
			path = SocialNetworkKata;
			sourceTree = "<group>";
		};
		AE7C2109387BDA7E5C45DCD7 /* actions */ = {
			isa = PBXGroup;
			children = (
				AE7C2B4D313FE1FD97A9CCBF /* PostAction.swift */,
				AE7C28BA99C552BF55026A09 /* ReadAction.swift */,
			);
			path = actions;
			sourceTree = "<group>";
		};
		AE7C21E5CA85C112AE2F27D8 /* Products */ = {
			isa = PBXGroup;
			children = (
				AE7C2BDA09631149DC8A9620 /* SocialNetworkKata */,
				074BE6C71CAC5A58004AEEDE /* SocialNetworkKataTest.xctest */,
			);
			name = Products;
			sourceTree = "<group>";
		};
		AE7C2798BC5641532FFE1FF7 /* model */ = {
			isa = PBXGroup;
			children = (
				AE7C2D4E9B1AD43C0D955A1E /* Input.swift */,
				AE7C23F9C20906A726A8E0A6 /* Post.swift */,
				AE7C252F85B574991C7DEB97 /* User.swift */,
				AE7C2E207B613CF506BE3A20 /* PostRepository.swift */,
			);
			path = model;
			sourceTree = "<group>";
		};
		AE7C2BC1AAA168286406923A /* actions */ = {
			isa = PBXGroup;
			children = (
				AE7C2BF458F21A783919E321 /* PostActionShould.swift */,
			);
			path = actions;
			sourceTree = "<group>";
		};
		AE7C2DC23EA6C69F01F9D235 /* features */ = {
			isa = PBXGroup;
			children = (
				AE7C2B44DF002B5BD21F75C7 /* PostingFeature.swift */,
				AE7C2E4D6FE747082FFBF708 /* ReadingFeature.swift */,
			);
			path = features;
			sourceTree = "<group>";
		};
		AE7C2F799188171C428CD478 /* model */ = {
			isa = PBXGroup;
			children = (
				AE7C298DAC03DF16CF9DB180 /* InputShould.swift */,
				AE7C2274E9676B956C9D62F0 /* PostRepositoryShould.swift */,
			);
			path = model;
			sourceTree = "<group>";
		};
		AE7C2FC3A67EA43FB96BC33F = {
			isa = PBXGroup;
			children = (
				074BE6C81CAC5A58004AEEDE /* SocialNetworkKataTest */,
				AE7C21E5CA85C112AE2F27D8 /* Products */,
				AE7C20B582D69C7CE966EF90 /* SocialNetworkKata */,
			);
			sourceTree = "<group>";
		};
/* End PBXGroup section */

/* Begin PBXNativeTarget section */
		074BE6C61CAC5A58004AEEDE /* SocialNetworkKataTest */ = {
			isa = PBXNativeTarget;
			buildConfigurationList = 074BE6CC1CAC5A58004AEEDE /* Build configuration list for PBXNativeTarget "SocialNetworkKataTest" */;
			buildPhases = (
				074BE6C31CAC5A58004AEEDE /* Sources */,
				074BE6C41CAC5A58004AEEDE /* Frameworks */,
				074BE6C51CAC5A58004AEEDE /* Resources */,
			);
			buildRules = (
			);
			dependencies = (
			);
			name = SocialNetworkKataTest;
			productName = SocialNetworkKataTest;
			productReference = 074BE6C71CAC5A58004AEEDE /* SocialNetworkKataTest.xctest */;
			productType = "com.apple.product-type.bundle.unit-test";
		};
		AE7C273A52C8531E62EC6899 /* SocialNetworkKata */ = {
			isa = PBXNativeTarget;
			buildConfigurationList = AE7C2D0AFC4BA6B19207DC60 /* Build configuration list for PBXNativeTarget "SocialNetworkKata" */;
			buildPhases = (
				AE7C2D7D1CC91618E456372D /* Sources */,
				AE7C2D5C6CAFE3A95A63F81A /* Frameworks */,
				AE7C2171A8D3284BC616B613 /* CopyFiles */,
			);
			buildRules = (
			);
			dependencies = (
			);
			name = SocialNetworkKata;
			productName = SocialNetworkKata;
			productReference = AE7C2BDA09631149DC8A9620 /* SocialNetworkKata */;
			productType = "com.apple.product-type.tool";
		};
/* End PBXNativeTarget section */

/* Begin PBXProject section */
		AE7C2A37B01D4EA32F55FE33 /* Project object */ = {
			isa = PBXProject;
			attributes = {
				LastSwiftMigration = 0730;
				LastSwiftUpdateCheck = 0730;
				ORGANIZATIONNAME = "___FULLUSERNAME___";
				TargetAttributes = {
					074BE6C61CAC5A58004AEEDE = {
						CreatedOnToolsVersion = 7.3;
					};
				};
			};
			buildConfigurationList = AE7C24ADF93A17626BD8D890 /* Build configuration list for PBXProject "SocialNetworkKata" */;
			compatibilityVersion = "Xcode 3.2";
			developmentRegion = English;
			hasScannedForEncodings = 0;
			knownRegions = (
				en,
			);
			mainGroup = AE7C2FC3A67EA43FB96BC33F;
			productRefGroup = AE7C21E5CA85C112AE2F27D8 /* Products */;
			projectDirPath = "";
			projectRoot = "";
			targets = (
				AE7C273A52C8531E62EC6899 /* SocialNetworkKata */,
				074BE6C61CAC5A58004AEEDE /* SocialNetworkKataTest */,
			);
		};
/* End PBXProject section */

/* Begin PBXResourcesBuildPhase section */
		074BE6C51CAC5A58004AEEDE /* Resources */ = {
			isa = PBXResourcesBuildPhase;
			buildActionMask = 2147483647;
			files = (
			);
			runOnlyForDeploymentPostprocessing = 0;
		};
/* End PBXResourcesBuildPhase section */

/* Begin PBXSourcesBuildPhase section */
		074BE6C31CAC5A58004AEEDE /* Sources */ = {
			isa = PBXSourcesBuildPhase;
			buildActionMask = 2147483647;
			files = (
				074BE6D11CAC5B01004AEEDE /* SocialNetwork.swift in Sources */,
				AE7C262B324C4717E1713967 /* SocialNetworkShould.swift in Sources */,
				AE7C2BD561516AF6A784B919 /* Action.swift in Sources */,
				AE7C2EC49600D1FD667C8AD5 /* PostAction.swift in Sources */,
				AE7C26F76594FB4E32ABC1E4 /* Input.swift in Sources */,
				AE7C21273B61F887F7CE64A5 /* Post.swift in Sources */,
				AE7C2BCCE36CB8CA9F3AA3E9 /* User.swift in Sources */,
				AE7C2D84E0721DA2455D10BF /* PostRepository.swift in Sources */,
				AE7C23541682E509E328129F /* ActionSpy.swift in Sources */,
				AE7C2537BAD6C75AFEF83E4F /* PostRepositorySpy.swift in Sources */,
				AE7C21D2452E053BAABE1980 /* PostActionShould.swift in Sources */,
				AE7C2A1287AB3F11801374DA /* InputShould.swift in Sources */,
				AE7C26F45EFA25A8B81DB8A8 /* Clock.swift in Sources */,
				AE7C2AB1FC5B69D9080609A0 /* PostingFeature.swift in Sources */,
				AE7C2C965BF590E05AA88EA9 /* PostRepositoryShould.swift in Sources */,
				AE7C224D173DCC8E5068D3BD /* TestableClock.swift in Sources */,
				AE7C2A46CE012D6C9FF61F9D /* ReadingFeature.swift in Sources */,
				AE7C2C263C1FEACEDD2566DD /* View.swift in Sources */,
				AE7C2FAC169741AAE269F960 /* ViewSpy.swift in Sources */,
				AE7C2BDFF43C57FB8580F4CB /* ReadAction.swift in Sources */,
			);
			runOnlyForDeploymentPostprocessing = 0;
		};
		AE7C2D7D1CC91618E456372D /* Sources */ = {
			isa = PBXSourcesBuildPhase;
			buildActionMask = 2147483647;
			files = (
				074BE6D01CAC5B01004AEEDE /* SocialNetwork.swift in Sources */,
				AE7C2EFDB73F9A8BC4E6281E /* main.swift in Sources */,
				AE7C270C15C58CEDCF68FF4F /* Action.swift in Sources */,
				AE7C2E244F9E65045492716D /* PostAction.swift in Sources */,
				AE7C2C768FFE79A0799E027C /* Input.swift in Sources */,
				AE7C210C87DCBF56F92D5BE0 /* Post.swift in Sources */,
				AE7C28E91F3EBF92B866A9C4 /* User.swift in Sources */,
				AE7C2F08C0D4F4872CD78405 /* PostRepository.swift in Sources */,
				AE7C271FC239370740611EF3 /* Clock.swift in Sources */,
				AE7C2332DF57C0FFC42A2EF8 /* View.swift in Sources */,
				AE7C2EEECBF74731D478A1A5 /* ReadAction.swift in Sources */,
			);
			runOnlyForDeploymentPostprocessing = 0;
		};
/* End PBXSourcesBuildPhase section */

/* Begin XCBuildConfiguration section */
		074BE6CD1CAC5A58004AEEDE /* Debug */ = {
			isa = XCBuildConfiguration;
			buildSettings = {
				COMBINE_HIDPI_IMAGES = YES;
				INFOPLIST_FILE = SocialNetworkKataTest/Info.plist;
				LD_RUNPATH_SEARCH_PATHS = "$(inherited) @executable_path/../Frameworks @loader_path/../Frameworks";
				PRODUCT_BUNDLE_IDENTIFIER = com.carlosdelachica.SocialNetworkKataTest;
				PRODUCT_NAME = "$(TARGET_NAME)";
			};
			name = Debug;
		};
		074BE6CE1CAC5A58004AEEDE /* Release */ = {
			isa = XCBuildConfiguration;
			buildSettings = {
				COMBINE_HIDPI_IMAGES = YES;
				INFOPLIST_FILE = SocialNetworkKataTest/Info.plist;
				LD_RUNPATH_SEARCH_PATHS = "$(inherited) @executable_path/../Frameworks @loader_path/../Frameworks";
				PRODUCT_BUNDLE_IDENTIFIER = com.carlosdelachica.SocialNetworkKataTest;
				PRODUCT_NAME = "$(TARGET_NAME)";
			};
			name = Release;
		};
		AE7C26816EF3D668BCFB980E /* Release */ = {
			isa = XCBuildConfiguration;
			buildSettings = {
				ALWAYS_SEARCH_USER_PATHS = NO;
				CLANG_ANALYZER_NONNULL = YES;
				CLANG_CXX_LANGUAGE_STANDARD = "gnu++0x";
				CLANG_CXX_LIBRARY = "libc++";
				CLANG_ENABLE_MODULES = YES;
				CLANG_ENABLE_OBJC_ARC = YES;
				CLANG_WARN_BOOL_CONVERSION = YES;
				CLANG_WARN_CONSTANT_CONVERSION = YES;
				CLANG_WARN_DIRECT_OBJC_ISA_USAGE = YES_ERROR;
				CLANG_WARN_EMPTY_BODY = YES;
				CLANG_WARN_ENUM_CONVERSION = YES;
				CLANG_WARN_INT_CONVERSION = YES;
				CLANG_WARN_OBJC_ROOT_CLASS = YES_ERROR;
				CLANG_WARN_UNREACHABLE_CODE = YES;
				CLANG_WARN__DUPLICATE_METHOD_MATCH = YES;
				CODE_SIGN_IDENTITY = "-";
				COPY_PHASE_STRIP = NO;
				DEBUG_INFORMATION_FORMAT = "dwarf-with-dsym";
				ENABLE_NS_ASSERTIONS = NO;
				ENABLE_STRICT_OBJC_MSGSEND = YES;
				GCC_C_LANGUAGE_STANDARD = gnu99;
				GCC_NO_COMMON_BLOCKS = YES;
				GCC_WARN_64_TO_32_BIT_CONVERSION = YES;
				GCC_WARN_ABOUT_RETURN_TYPE = YES_ERROR;
				GCC_WARN_UNDECLARED_SELECTOR = YES;
				GCC_WARN_UNINITIALIZED_AUTOS = YES_AGGRESSIVE;
				GCC_WARN_UNUSED_FUNCTION = YES;
				GCC_WARN_UNUSED_VARIABLE = YES;
				MACOSX_DEPLOYMENT_TARGET = 10.11;
				MTL_ENABLE_DEBUG_INFO = NO;
				SDKROOT = macosx;
			};
			name = Release;
		};
		AE7C2807F6B5E86E0A84364D /* Debug */ = {
			isa = XCBuildConfiguration;
			buildSettings = {
				PRODUCT_NAME = "$(TARGET_NAME)";
			};
			name = Debug;
		};
		AE7C2892E7270CAF04A34B8D /* Release */ = {
			isa = XCBuildConfiguration;
			buildSettings = {
				PRODUCT_NAME = "$(TARGET_NAME)";
			};
			name = Release;
		};
		AE7C2D5AF1B0B973D0EFCC19 /* Debug */ = {
			isa = XCBuildConfiguration;
			buildSettings = {
				ALWAYS_SEARCH_USER_PATHS = NO;
				CLANG_ANALYZER_NONNULL = YES;
				CLANG_CXX_LANGUAGE_STANDARD = "gnu++0x";
				CLANG_CXX_LIBRARY = "libc++";
				CLANG_ENABLE_MODULES = YES;
				CLANG_ENABLE_OBJC_ARC = YES;
				CLANG_WARN_BOOL_CONVERSION = YES;
				CLANG_WARN_CONSTANT_CONVERSION = YES;
				CLANG_WARN_DIRECT_OBJC_ISA_USAGE = YES_ERROR;
				CLANG_WARN_EMPTY_BODY = YES;
				CLANG_WARN_ENUM_CONVERSION = YES;
				CLANG_WARN_INT_CONVERSION = YES;
				CLANG_WARN_OBJC_ROOT_CLASS = YES_ERROR;
				CLANG_WARN_UNREACHABLE_CODE = YES;
				CLANG_WARN__DUPLICATE_METHOD_MATCH = YES;
				CODE_SIGN_IDENTITY = "-";
				COPY_PHASE_STRIP = NO;
				DEBUG_INFORMATION_FORMAT = dwarf;
				ENABLE_STRICT_OBJC_MSGSEND = YES;
				ENABLE_TESTABILITY = YES;
				GCC_C_LANGUAGE_STANDARD = gnu99;
				GCC_DYNAMIC_NO_PIC = NO;
				GCC_NO_COMMON_BLOCKS = YES;
				GCC_OPTIMIZATION_LEVEL = 0;
				GCC_PREPROCESSOR_DEFINITIONS = (
					"DEBUG=1",
					"$(inherited)",
				);
				GCC_WARN_64_TO_32_BIT_CONVERSION = YES;
				GCC_WARN_ABOUT_RETURN_TYPE = YES_ERROR;
				GCC_WARN_UNDECLARED_SELECTOR = YES;
				GCC_WARN_UNINITIALIZED_AUTOS = YES_AGGRESSIVE;
				GCC_WARN_UNUSED_FUNCTION = YES;
				GCC_WARN_UNUSED_VARIABLE = YES;
				MACOSX_DEPLOYMENT_TARGET = 10.11;
				MTL_ENABLE_DEBUG_INFO = YES;
				ONLY_ACTIVE_ARCH = YES;
				SDKROOT = macosx;
				SWIFT_OPTIMIZATION_LEVEL = "-Onone";
			};
			name = Debug;
		};
/* End XCBuildConfiguration section */

/* Begin XCConfigurationList section */
		074BE6CC1CAC5A58004AEEDE /* Build configuration list for PBXNativeTarget "SocialNetworkKataTest" */ = {
			isa = XCConfigurationList;
			buildConfigurations = (
				074BE6CD1CAC5A58004AEEDE /* Debug */,
				074BE6CE1CAC5A58004AEEDE /* Release */,
			);
			defaultConfigurationIsVisible = 0;
		};
		AE7C24ADF93A17626BD8D890 /* Build configuration list for PBXProject "SocialNetworkKata" */ = {
			isa = XCConfigurationList;
			buildConfigurations = (
				AE7C2D5AF1B0B973D0EFCC19 /* Debug */,
				AE7C26816EF3D668BCFB980E /* Release */,
			);
			defaultConfigurationIsVisible = 0;
			defaultConfigurationName = Release;
		};
		AE7C2D0AFC4BA6B19207DC60 /* Build configuration list for PBXNativeTarget "SocialNetworkKata" */ = {
			isa = XCConfigurationList;
			buildConfigurations = (
				AE7C2807F6B5E86E0A84364D /* Debug */,
				AE7C2892E7270CAF04A34B8D /* Release */,
			);
			defaultConfigurationIsVisible = 0;
			defaultConfigurationName = Release;
		};
/* End XCConfigurationList section */
	};
	rootObject = AE7C2A37B01D4EA32F55FE33 /* Project object */;
}
