// !$*UTF8*$!
{
	archiveVersion = 1;
	classes = {
	};
	objectVersion = 46;
	objects = {

/* Begin PBXBuildFile section */
		073F44001CA3205C0003A77B /* main.swift in Sources */ = {isa = PBXBuildFile; fileRef = 073F43FF1CA3205C0003A77B /* main.swift */; };
		073F440D1CA320C50003A77B /* MarsRoverShould.swift in Sources */ = {isa = PBXBuildFile; fileRef = 073F440C1CA320C50003A77B /* MarsRoverShould.swift */; };
		073F44131CA321390003A77B /* MarsRover.swift in Sources */ = {isa = PBXBuildFile; fileRef = 073F44121CA321390003A77B /* MarsRover.swift */; };
		073F44141CA321390003A77B /* MarsRover.swift in Sources */ = {isa = PBXBuildFile; fileRef = 073F44121CA321390003A77B /* MarsRover.swift */; };
		073F44161CA32A1C0003A77B /* Point.swift in Sources */ = {isa = PBXBuildFile; fileRef = 073F44151CA32A1C0003A77B /* Point.swift */; };
		073F44171CA32A1C0003A77B /* Point.swift in Sources */ = {isa = PBXBuildFile; fileRef = 073F44151CA32A1C0003A77B /* Point.swift */; };
		AE7C203F46B1029F3F0ABE27 /* MoveMarsRoverFeature.swift in Sources */ = {isa = PBXBuildFile; fileRef = AE7C261F1A681A9DBE157D9E /* MoveMarsRoverFeature.swift */; };
		AE7C20B0A31914075518EFE4 /* North.swift in Sources */ = {isa = PBXBuildFile; fileRef = AE7C264FECAB10E725B4AE94 /* North.swift */; };
		AE7C222CE8290AA235BAC88F /* SouthShould.swift in Sources */ = {isa = PBXBuildFile; fileRef = AE7C204BE8202F34103447D0 /* SouthShould.swift */; };
		AE7C233522D0AE118E953AF0 /* DirectionSpy.swift in Sources */ = {isa = PBXBuildFile; fileRef = AE7C2A6B593BA9861152E368 /* DirectionSpy.swift */; };
		AE7C23E37595542CC95C2CDD /* PlanetSpy.swift in Sources */ = {isa = PBXBuildFile; fileRef = AE7C234AD1FA1F2D7F9F032A /* PlanetSpy.swift */; };
		AE7C243CCC1D4847DB56C132 /* DirectionTestCase.swift in Sources */ = {isa = PBXBuildFile; fileRef = AE7C29D1A47F7F32ED75319F /* DirectionTestCase.swift */; };
		AE7C26D0EC9437CA4FFCFA48 /* North.swift in Sources */ = {isa = PBXBuildFile; fileRef = AE7C264FECAB10E725B4AE94 /* North.swift */; };
		AE7C26F8F965A7C6B404DAF0 /* EastShould.swift in Sources */ = {isa = PBXBuildFile; fileRef = AE7C255BEE745569C3E26587 /* EastShould.swift */; };
		AE7C279AC0AD7F3632BD8AE5 /* WestShould.swift in Sources */ = {isa = PBXBuildFile; fileRef = AE7C2D1FF8D21E689093AED3 /* WestShould.swift */; };
		AE7C27C7F8923E9E7BA708D5 /* Direction.swift in Sources */ = {isa = PBXBuildFile; fileRef = AE7C29D83B5B393BC62B5A3E /* Direction.swift */; };
		AE7C27DE13511A406DE96263 /* PlanetShould.swift in Sources */ = {isa = PBXBuildFile; fileRef = AE7C23931A48CC3F772F5309 /* PlanetShould.swift */; };
		AE7C286000741A4BC8165A70 /* South.swift in Sources */ = {isa = PBXBuildFile; fileRef = AE7C2473C3F0EE885B38EBB2 /* South.swift */; };
		AE7C2AB01EA4DA3F9C5073D8 /* South.swift in Sources */ = {isa = PBXBuildFile; fileRef = AE7C2473C3F0EE885B38EBB2 /* South.swift */; };
		AE7C2AEB7A0163FC08669D74 /* NorthShould.swift in Sources */ = {isa = PBXBuildFile; fileRef = AE7C26B83E317BDE880237BB /* NorthShould.swift */; };
		AE7C2B68198E1B6B1E04F0BD /* West.swift in Sources */ = {isa = PBXBuildFile; fileRef = AE7C2CCEAE5782DBB21C697E /* West.swift */; };
		AE7C2B9318C0EC229C4063B8 /* East.swift in Sources */ = {isa = PBXBuildFile; fileRef = AE7C26C0991241657680E27F /* East.swift */; };
		AE7C2C3DF98F3D2D93B272C8 /* West.swift in Sources */ = {isa = PBXBuildFile; fileRef = AE7C2CCEAE5782DBB21C697E /* West.swift */; };
		AE7C2CD51D541018895E77B1 /* Direction.swift in Sources */ = {isa = PBXBuildFile; fileRef = AE7C29D83B5B393BC62B5A3E /* Direction.swift */; };
		AE7C2E2FB8AF10D2FCB6F65B /* Planet.swift in Sources */ = {isa = PBXBuildFile; fileRef = AE7C2F0135DC6396E2726358 /* Planet.swift */; };
		AE7C2EF4559EACD39CDED41B /* East.swift in Sources */ = {isa = PBXBuildFile; fileRef = AE7C26C0991241657680E27F /* East.swift */; };
		AE7C2EF65E96B085B0B012F8 /* Planet.swift in Sources */ = {isa = PBXBuildFile; fileRef = AE7C2F0135DC6396E2726358 /* Planet.swift */; };
/* End PBXBuildFile section */

/* Begin PBXCopyFilesBuildPhase section */
		073F43FA1CA3205C0003A77B /* CopyFiles */ = {
			isa = PBXCopyFilesBuildPhase;
			buildActionMask = 2147483647;
			dstPath = /usr/share/man/man1/;
			dstSubfolderSpec = 0;
			files = (
			);
			runOnlyForDeploymentPostprocessing = 1;
		};
/* End PBXCopyFilesBuildPhase section */

/* Begin PBXFileReference section */
		073F43FC1CA3205C0003A77B /* MarsRoverKata */ = {isa = PBXFileReference; explicitFileType = "compiled.mach-o.executable"; includeInIndex = 0; path = MarsRoverKata; sourceTree = BUILT_PRODUCTS_DIR; };
		073F43FF1CA3205C0003A77B /* main.swift */ = {isa = PBXFileReference; lastKnownFileType = sourcecode.swift; path = main.swift; sourceTree = "<group>"; };
		073F440A1CA320C50003A77B /* MarsRoverKataTest.xctest */ = {isa = PBXFileReference; explicitFileType = wrapper.cfbundle; includeInIndex = 0; path = MarsRoverKataTest.xctest; sourceTree = BUILT_PRODUCTS_DIR; };
		073F440C1CA320C50003A77B /* MarsRoverShould.swift */ = {isa = PBXFileReference; lastKnownFileType = sourcecode.swift; path = MarsRoverShould.swift; sourceTree = "<group>"; };
		073F440E1CA320C50003A77B /* Info.plist */ = {isa = PBXFileReference; lastKnownFileType = text.plist.xml; path = Info.plist; sourceTree = "<group>"; };
		073F44121CA321390003A77B /* MarsRover.swift */ = {isa = PBXFileReference; fileEncoding = 4; lastKnownFileType = sourcecode.swift; path = MarsRover.swift; sourceTree = "<group>"; };
		073F44151CA32A1C0003A77B /* Point.swift */ = {isa = PBXFileReference; fileEncoding = 4; lastKnownFileType = sourcecode.swift; path = Point.swift; sourceTree = "<group>"; };
		AE7C204BE8202F34103447D0 /* SouthShould.swift */ = {isa = PBXFileReference; fileEncoding = 4; lastKnownFileType = sourcecode.swift; path = SouthShould.swift; sourceTree = "<group>"; };
		AE7C234AD1FA1F2D7F9F032A /* PlanetSpy.swift */ = {isa = PBXFileReference; fileEncoding = 4; lastKnownFileType = sourcecode.swift; path = PlanetSpy.swift; sourceTree = "<group>"; };
		AE7C23931A48CC3F772F5309 /* PlanetShould.swift */ = {isa = PBXFileReference; fileEncoding = 4; lastKnownFileType = sourcecode.swift; path = PlanetShould.swift; sourceTree = "<group>"; };
		AE7C2473C3F0EE885B38EBB2 /* South.swift */ = {isa = PBXFileReference; fileEncoding = 4; lastKnownFileType = sourcecode.swift; path = South.swift; sourceTree = "<group>"; };
		AE7C255BEE745569C3E26587 /* EastShould.swift */ = {isa = PBXFileReference; fileEncoding = 4; lastKnownFileType = sourcecode.swift; path = EastShould.swift; sourceTree = "<group>"; };
		AE7C261F1A681A9DBE157D9E /* MoveMarsRoverFeature.swift */ = {isa = PBXFileReference; fileEncoding = 4; lastKnownFileType = sourcecode.swift; path = MoveMarsRoverFeature.swift; sourceTree = "<group>"; };
		AE7C264FECAB10E725B4AE94 /* North.swift */ = {isa = PBXFileReference; fileEncoding = 4; lastKnownFileType = sourcecode.swift; path = North.swift; sourceTree = "<group>"; };
		AE7C26B83E317BDE880237BB /* NorthShould.swift */ = {isa = PBXFileReference; fileEncoding = 4; lastKnownFileType = sourcecode.swift; path = NorthShould.swift; sourceTree = "<group>"; };
		AE7C26C0991241657680E27F /* East.swift */ = {isa = PBXFileReference; fileEncoding = 4; lastKnownFileType = sourcecode.swift; path = East.swift; sourceTree = "<group>"; };
		AE7C29D1A47F7F32ED75319F /* DirectionTestCase.swift */ = {isa = PBXFileReference; fileEncoding = 4; lastKnownFileType = sourcecode.swift; path = DirectionTestCase.swift; sourceTree = "<group>"; };
		AE7C29D83B5B393BC62B5A3E /* Direction.swift */ = {isa = PBXFileReference; fileEncoding = 4; lastKnownFileType = sourcecode.swift; path = Direction.swift; sourceTree = "<group>"; };
		AE7C2A6B593BA9861152E368 /* DirectionSpy.swift */ = {isa = PBXFileReference; fileEncoding = 4; lastKnownFileType = sourcecode.swift; path = DirectionSpy.swift; sourceTree = "<group>"; };
		AE7C2CCEAE5782DBB21C697E /* West.swift */ = {isa = PBXFileReference; fileEncoding = 4; lastKnownFileType = sourcecode.swift; path = West.swift; sourceTree = "<group>"; };
		AE7C2D1FF8D21E689093AED3 /* WestShould.swift */ = {isa = PBXFileReference; fileEncoding = 4; lastKnownFileType = sourcecode.swift; path = WestShould.swift; sourceTree = "<group>"; };
		AE7C2F0135DC6396E2726358 /* Planet.swift */ = {isa = PBXFileReference; fileEncoding = 4; lastKnownFileType = sourcecode.swift; path = Planet.swift; sourceTree = "<group>"; };
/* End PBXFileReference section */

/* Begin PBXFrameworksBuildPhase section */
		073F43F91CA3205C0003A77B /* Frameworks */ = {
			isa = PBXFrameworksBuildPhase;
			buildActionMask = 2147483647;
			files = (
			);
			runOnlyForDeploymentPostprocessing = 0;
		};
		073F44071CA320C50003A77B /* Frameworks */ = {
			isa = PBXFrameworksBuildPhase;
			buildActionMask = 2147483647;
			files = (
			);
			runOnlyForDeploymentPostprocessing = 0;
		};
/* End PBXFrameworksBuildPhase section */

/* Begin PBXGroup section */
		073F43F31CA3205C0003A77B = {
			isa = PBXGroup;
			children = (
				073F43FE1CA3205C0003A77B /* MarsRoverKata */,
				073F440B1CA320C50003A77B /* MarsRoverKataTest */,
				073F43FD1CA3205C0003A77B /* Products */,
			);
			sourceTree = "<group>";
		};
		073F43FD1CA3205C0003A77B /* Products */ = {
			isa = PBXGroup;
			children = (
				073F43FC1CA3205C0003A77B /* MarsRoverKata */,
				073F440A1CA320C50003A77B /* MarsRoverKataTest.xctest */,
			);
			name = Products;
			sourceTree = "<group>";
		};
		073F43FE1CA3205C0003A77B /* MarsRoverKata */ = {
			isa = PBXGroup;
			children = (
				073F43FF1CA3205C0003A77B /* main.swift */,
				073F44121CA321390003A77B /* MarsRover.swift */,
				073F44151CA32A1C0003A77B /* Point.swift */,
				AE7C2F0135DC6396E2726358 /* Planet.swift */,
				AE7C209BC4633FC9613A815F /* direction */,
			);
			path = MarsRoverKata;
			sourceTree = "<group>";
		};
		073F440B1CA320C50003A77B /* MarsRoverKataTest */ = {
			isa = PBXGroup;
			children = (
				073F440C1CA320C50003A77B /* MarsRoverShould.swift */,
				073F440E1CA320C50003A77B /* Info.plist */,
				AE7C237C3541F4D57A53D176 /* direction */,
				AE7C2A6B593BA9861152E368 /* DirectionSpy.swift */,
				AE7C261F1A681A9DBE157D9E /* MoveMarsRoverFeature.swift */,
				AE7C23931A48CC3F772F5309 /* PlanetShould.swift */,
			);
			path = MarsRoverKataTest;
			sourceTree = "<group>";
		};
		AE7C209BC4633FC9613A815F /* direction */ = {
			isa = PBXGroup;
			children = (
				AE7C29D83B5B393BC62B5A3E /* Direction.swift */,
				AE7C26C0991241657680E27F /* East.swift */,
				AE7C264FECAB10E725B4AE94 /* North.swift */,
				AE7C2473C3F0EE885B38EBB2 /* South.swift */,
				AE7C2CCEAE5782DBB21C697E /* West.swift */,
			);
			path = direction;
			sourceTree = "<group>";
		};
		AE7C237C3541F4D57A53D176 /* direction */ = {
			isa = PBXGroup;
			children = (
				AE7C29D1A47F7F32ED75319F /* DirectionTestCase.swift */,
				AE7C255BEE745569C3E26587 /* EastShould.swift */,
				AE7C26B83E317BDE880237BB /* NorthShould.swift */,
				AE7C204BE8202F34103447D0 /* SouthShould.swift */,
				AE7C2D1FF8D21E689093AED3 /* WestShould.swift */,
				AE7C234AD1FA1F2D7F9F032A /* PlanetSpy.swift */,
			);
			path = direction;
			sourceTree = "<group>";
		};
/* End PBXGroup section */

/* Begin PBXNativeTarget section */
		073F43FB1CA3205C0003A77B /* MarsRoverKata */ = {
			isa = PBXNativeTarget;
			buildConfigurationList = 073F44031CA3205C0003A77B /* Build configuration list for PBXNativeTarget "MarsRoverKata" */;
			buildPhases = (
				073F43F81CA3205C0003A77B /* Sources */,
				073F43F91CA3205C0003A77B /* Frameworks */,
				073F43FA1CA3205C0003A77B /* CopyFiles */,
			);
			buildRules = (
			);
			dependencies = (
			);
			name = MarsRoverKata;
			productName = MarsRoverKata;
			productReference = 073F43FC1CA3205C0003A77B /* MarsRoverKata */;
			productType = "com.apple.product-type.tool";
		};
		073F44091CA320C50003A77B /* MarsRoverKataTest */ = {
			isa = PBXNativeTarget;
			buildConfigurationList = 073F440F1CA320C50003A77B /* Build configuration list for PBXNativeTarget "MarsRoverKataTest" */;
			buildPhases = (
				073F44061CA320C50003A77B /* Sources */,
				073F44071CA320C50003A77B /* Frameworks */,
				073F44081CA320C50003A77B /* Resources */,
			);
			buildRules = (
			);
			dependencies = (
			);
			name = MarsRoverKataTest;
			productName = MarsRoverKataTest;
			productReference = 073F440A1CA320C50003A77B /* MarsRoverKataTest.xctest */;
			productType = "com.apple.product-type.bundle.unit-test";
		};
/* End PBXNativeTarget section */

/* Begin PBXProject section */
		073F43F41CA3205C0003A77B /* Project object */ = {
			isa = PBXProject;
			attributes = {
				LastSwiftUpdateCheck = 0720;
				LastUpgradeCheck = 0720;
				ORGANIZATIONNAME = "Carlos Morera de la Chica";
				TargetAttributes = {
					073F43FB1CA3205C0003A77B = {
						CreatedOnToolsVersion = 7.2.1;
					};
					073F44091CA320C50003A77B = {
						CreatedOnToolsVersion = 7.2.1;
					};
				};
			};
			buildConfigurationList = 073F43F71CA3205C0003A77B /* Build configuration list for PBXProject "MarsRoverKata" */;
			compatibilityVersion = "Xcode 3.2";
			developmentRegion = English;
			hasScannedForEncodings = 0;
			knownRegions = (
				en,
			);
			mainGroup = 073F43F31CA3205C0003A77B;
			productRefGroup = 073F43FD1CA3205C0003A77B /* Products */;
			projectDirPath = "";
			projectRoot = "";
			targets = (
				073F43FB1CA3205C0003A77B /* MarsRoverKata */,
				073F44091CA320C50003A77B /* MarsRoverKataTest */,
			);
		};
/* End PBXProject section */

/* Begin PBXResourcesBuildPhase section */
		073F44081CA320C50003A77B /* Resources */ = {
			isa = PBXResourcesBuildPhase;
			buildActionMask = 2147483647;
			files = (
			);
			runOnlyForDeploymentPostprocessing = 0;
		};
/* End PBXResourcesBuildPhase section */

/* Begin PBXSourcesBuildPhase section */
		073F43F81CA3205C0003A77B /* Sources */ = {
			isa = PBXSourcesBuildPhase;
			buildActionMask = 2147483647;
			files = (
				073F44131CA321390003A77B /* MarsRover.swift in Sources */,
				073F44001CA3205C0003A77B /* main.swift in Sources */,
				073F44161CA32A1C0003A77B /* Point.swift in Sources */,
				AE7C2E2FB8AF10D2FCB6F65B /* Planet.swift in Sources */,
				AE7C2CD51D541018895E77B1 /* Direction.swift in Sources */,
				AE7C2EF4559EACD39CDED41B /* East.swift in Sources */,
				AE7C26D0EC9437CA4FFCFA48 /* North.swift in Sources */,
				AE7C286000741A4BC8165A70 /* South.swift in Sources */,
				AE7C2B68198E1B6B1E04F0BD /* West.swift in Sources */,
			);
			runOnlyForDeploymentPostprocessing = 0;
		};
		073F44061CA320C50003A77B /* Sources */ = {
			isa = PBXSourcesBuildPhase;
			buildActionMask = 2147483647;
			files = (
				073F44141CA321390003A77B /* MarsRover.swift in Sources */,
				073F440D1CA320C50003A77B /* MarsRoverShould.swift in Sources */,
				073F44171CA32A1C0003A77B /* Point.swift in Sources */,
				AE7C2EF65E96B085B0B012F8 /* Planet.swift in Sources */,
				AE7C243CCC1D4847DB56C132 /* DirectionTestCase.swift in Sources */,
				AE7C26F8F965A7C6B404DAF0 /* EastShould.swift in Sources */,
				AE7C2AEB7A0163FC08669D74 /* NorthShould.swift in Sources */,
				AE7C222CE8290AA235BAC88F /* SouthShould.swift in Sources */,
				AE7C279AC0AD7F3632BD8AE5 /* WestShould.swift in Sources */,
				AE7C23E37595542CC95C2CDD /* PlanetSpy.swift in Sources */,
				AE7C27C7F8923E9E7BA708D5 /* Direction.swift in Sources */,
				AE7C2B9318C0EC229C4063B8 /* East.swift in Sources */,
				AE7C20B0A31914075518EFE4 /* North.swift in Sources */,
				AE7C2AB01EA4DA3F9C5073D8 /* South.swift in Sources */,
				AE7C2C3DF98F3D2D93B272C8 /* West.swift in Sources */,
				AE7C233522D0AE118E953AF0 /* DirectionSpy.swift in Sources */,
				AE7C203F46B1029F3F0ABE27 /* MoveMarsRoverFeature.swift in Sources */,
				AE7C27DE13511A406DE96263 /* PlanetShould.swift in Sources */,
			);
			runOnlyForDeploymentPostprocessing = 0;
		};
/* End PBXSourcesBuildPhase section */

/* Begin XCBuildConfiguration section */
		073F44011CA3205C0003A77B /* Debug */ = {
			isa = XCBuildConfiguration;
			buildSettings = {
				ALWAYS_SEARCH_USER_PATHS = NO;
				CLANG_CXX_LANGUAGE_STANDARD = "gnu++0x";
				CLANG_CXX_LIBRARY = "libc++";
				CLANG_ENABLE_MODULES = YES;
				CLANG_ENABLE_OBJC_ARC = YES;
				CLANG_WARN_BOOL_CONVERSION = YES;
				CLANG_WARN_CONSTANT_CONVERSION = YES;
				CLANG_WARN_DIRECT_OBJC_ISA_USAGE = YES_ERROR;
				CLANG_WARN_EMPTY_BODY = YES;
				CLANG_WARN_ENUM_CONVERSION = YES;
				CLANG_WARN_INT_CONVERSION = YES;
				CLANG_WARN_OBJC_ROOT_CLASS = YES_ERROR;
				CLANG_WARN_UNREACHABLE_CODE = YES;
				CLANG_WARN__DUPLICATE_METHOD_MATCH = YES;
				CODE_SIGN_IDENTITY = "-";
				COPY_PHASE_STRIP = NO;
				DEBUG_INFORMATION_FORMAT = dwarf;
				ENABLE_STRICT_OBJC_MSGSEND = YES;
				ENABLE_TESTABILITY = YES;
				GCC_C_LANGUAGE_STANDARD = gnu99;
				GCC_DYNAMIC_NO_PIC = NO;
				GCC_NO_COMMON_BLOCKS = YES;
				GCC_OPTIMIZATION_LEVEL = 0;
				GCC_PREPROCESSOR_DEFINITIONS = (
					"DEBUG=1",
					"$(inherited)",
				);
				GCC_WARN_64_TO_32_BIT_CONVERSION = YES;
				GCC_WARN_ABOUT_RETURN_TYPE = YES_ERROR;
				GCC_WARN_UNDECLARED_SELECTOR = YES;
				GCC_WARN_UNINITIALIZED_AUTOS = YES_AGGRESSIVE;
				GCC_WARN_UNUSED_FUNCTION = YES;
				GCC_WARN_UNUSED_VARIABLE = YES;
				MACOSX_DEPLOYMENT_TARGET = 10.11;
				MTL_ENABLE_DEBUG_INFO = YES;
				ONLY_ACTIVE_ARCH = YES;
				SDKROOT = macosx;
				SWIFT_OPTIMIZATION_LEVEL = "-Onone";
			};
			name = Debug;
		};
		073F44021CA3205C0003A77B /* Release */ = {
			isa = XCBuildConfiguration;
			buildSettings = {
				ALWAYS_SEARCH_USER_PATHS = NO;
				CLANG_CXX_LANGUAGE_STANDARD = "gnu++0x";
				CLANG_CXX_LIBRARY = "libc++";
				CLANG_ENABLE_MODULES = YES;
				CLANG_ENABLE_OBJC_ARC = YES;
				CLANG_WARN_BOOL_CONVERSION = YES;
				CLANG_WARN_CONSTANT_CONVERSION = YES;
				CLANG_WARN_DIRECT_OBJC_ISA_USAGE = YES_ERROR;
				CLANG_WARN_EMPTY_BODY = YES;
				CLANG_WARN_ENUM_CONVERSION = YES;
				CLANG_WARN_INT_CONVERSION = YES;
				CLANG_WARN_OBJC_ROOT_CLASS = YES_ERROR;
				CLANG_WARN_UNREACHABLE_CODE = YES;
				CLANG_WARN__DUPLICATE_METHOD_MATCH = YES;
				CODE_SIGN_IDENTITY = "-";
				COPY_PHASE_STRIP = NO;
				DEBUG_INFORMATION_FORMAT = "dwarf-with-dsym";
				ENABLE_NS_ASSERTIONS = NO;
				ENABLE_STRICT_OBJC_MSGSEND = YES;
				GCC_C_LANGUAGE_STANDARD = gnu99;
				GCC_NO_COMMON_BLOCKS = YES;
				GCC_WARN_64_TO_32_BIT_CONVERSION = YES;
				GCC_WARN_ABOUT_RETURN_TYPE = YES_ERROR;
				GCC_WARN_UNDECLARED_SELECTOR = YES;
				GCC_WARN_UNINITIALIZED_AUTOS = YES_AGGRESSIVE;
				GCC_WARN_UNUSED_FUNCTION = YES;
				GCC_WARN_UNUSED_VARIABLE = YES;
				MACOSX_DEPLOYMENT_TARGET = 10.11;
				MTL_ENABLE_DEBUG_INFO = NO;
				SDKROOT = macosx;
			};
			name = Release;
		};
		073F44041CA3205C0003A77B /* Debug */ = {
			isa = XCBuildConfiguration;
			buildSettings = {
				DEFINES_MODULE = YES;
				PRODUCT_NAME = "$(TARGET_NAME)";
			};
			name = Debug;
		};
		073F44051CA3205C0003A77B /* Release */ = {
			isa = XCBuildConfiguration;
			buildSettings = {
				DEFINES_MODULE = YES;
				PRODUCT_NAME = "$(TARGET_NAME)";
			};
			name = Release;
		};
		073F44101CA320C50003A77B /* Debug */ = {
			isa = XCBuildConfiguration;
			buildSettings = {
				COMBINE_HIDPI_IMAGES = YES;
				INFOPLIST_FILE = MarsRoverKataTest/Info.plist;
				LD_RUNPATH_SEARCH_PATHS = "$(inherited) @executable_path/../Frameworks @loader_path/../Frameworks";
				PRODUCT_BUNDLE_IDENTIFIER = com.carlosdelachica.MarsRoverKataTest;
				PRODUCT_NAME = "$(TARGET_NAME)";
			};
			name = Debug;
		};
		073F44111CA320C50003A77B /* Release */ = {
			isa = XCBuildConfiguration;
			buildSettings = {
				COMBINE_HIDPI_IMAGES = YES;
				INFOPLIST_FILE = MarsRoverKataTest/Info.plist;
				LD_RUNPATH_SEARCH_PATHS = "$(inherited) @executable_path/../Frameworks @loader_path/../Frameworks";
				PRODUCT_BUNDLE_IDENTIFIER = com.carlosdelachica.MarsRoverKataTest;
				PRODUCT_NAME = "$(TARGET_NAME)";
			};
			name = Release;
		};
/* End XCBuildConfiguration section */

/* Begin XCConfigurationList section */
		073F43F71CA3205C0003A77B /* Build configuration list for PBXProject "MarsRoverKata" */ = {
			isa = XCConfigurationList;
			buildConfigurations = (
				073F44011CA3205C0003A77B /* Debug */,
				073F44021CA3205C0003A77B /* Release */,
			);
			defaultConfigurationIsVisible = 0;
			defaultConfigurationName = Release;
		};
		073F44031CA3205C0003A77B /* Build configuration list for PBXNativeTarget "MarsRoverKata" */ = {
			isa = XCConfigurationList;
			buildConfigurations = (
				073F44041CA3205C0003A77B /* Debug */,
				073F44051CA3205C0003A77B /* Release */,
			);
			defaultConfigurationIsVisible = 0;
			defaultConfigurationName = Release;
		};
		073F440F1CA320C50003A77B /* Build configuration list for PBXNativeTarget "MarsRoverKataTest" */ = {
			isa = XCConfigurationList;
			buildConfigurations = (
				073F44101CA320C50003A77B /* Debug */,
				073F44111CA320C50003A77B /* Release */,
			);
			defaultConfigurationIsVisible = 0;
			defaultConfigurationName = Release;
		};
/* End XCConfigurationList section */
	};
	rootObject = 073F43F41CA3205C0003A77B /* Project object */;
}
